
Microsoft Visual Studio Solution File, Format Version 12.00
# Visual Studio 2013
VisualStudioVersion = 12.0.30110.0
MinimumVisualStudioVersion = 10.0.40219.1
Project("{2150E333-8FDC-42A3-9474-1A3956D46DE8}") = "Presentation", "Presentation", "{756022BC-C7F4-4A82-9B09-C52A38570C81}"
EndProject
Project("{FAE04EC0-301F-11D3-BF4B-00C04F79EFBC}") = "Web", "Web\Web.csproj", "{C61A9BDC-FC94-4D83-9AFC-F0EBE04B78B4}"
EndProject
Project("{FAE04EC0-301F-11D3-BF4B-00C04F79EFBC}") = "Web.Tests", "Web.Tests\Web.Tests.csproj", "{F439D91D-8D6D-43A8-9819-94814CB9A4A1}"
EndProject
Global
	GlobalSection(SolutionConfigurationPlatforms) = preSolution
		Debug|Any CPU = Debug|Any CPU
		Release|Any CPU = Release|Any CPU
	EndGlobalSection
	GlobalSection(ProjectConfigurationPlatforms) = postSolution
		{C61A9BDC-FC94-4D83-9AFC-F0EBE04B78B4}.Debug|Any CPU.ActiveCfg = Debug|Any CPU
		{C61A9BDC-FC94-4D83-9AFC-F0EBE04B78B4}.Debug|Any CPU.Build.0 = Debug|Any CPU
		{C61A9BDC-FC94-4D83-9AFC-F0EBE04B78B4}.Release|Any CPU.ActiveCfg = Release|Any CPU
		{C61A9BDC-FC94-4D83-9AFC-F0EBE04B78B4}.Release|Any CPU.Build.0 = Release|Any CPU
		{F439D91D-8D6D-43A8-9819-94814CB9A4A1}.Debug|Any CPU.ActiveCfg = Debug|Any CPU
		{F439D91D-8D6D-43A8-9819-94814CB9A4A1}.Debug|Any CPU.Build.0 = Debug|Any CPU
		{F439D91D-8D6D-43A8-9819-94814CB9A4A1}.Release|Any CPU.ActiveCfg = Release|Any CPU
		{F439D91D-8D6D-43A8-9819-94814CB9A4A1}.Release|Any CPU.Build.0 = Release|Any CPU
	EndGlobalSection
	GlobalSection(SolutionProperties) = preSolution
		HideSolutionNode = FALSE
	EndGlobalSection
	GlobalSection(NestedProjects) = preSolution
		{C61A9BDC-FC94-4D83-9AFC-F0EBE04B78B4} = {756022BC-C7F4-4A82-9B09-C52A38570C81}
		{F439D91D-8D6D-43A8-9819-94814CB9A4A1} = {756022BC-C7F4-4A82-9B09-C52A38570C81}
	EndGlobalSection
EndGlobal
